
Microsoft Visual Studio Solution File, Format Version 12.00
# Visual Studio Version 16
VisualStudioVersion = 16.0.30104.148
MinimumVisualStudioVersion = 10.0.40219.1
Project("{8BC9CEB8-8B4A-11D0-8D11-00A0C91BC942}") = "FFF", "FFF.vcxproj", "{58D4959B-D02F-327A-BFED-ED1E8D3F80C4}"
EndProject
Project("{8BC9CEB8-8B4A-11D0-8D11-00A0C91BC942}") = "sqlite3", "..\..\sqlite3\sqlite3\sqlite3.vcxproj", "{6349FECF-A040-439B-8639-F002A6ED0AAC}"
EndProject
Project("{8BC9CEB8-8B4A-11D0-8D11-00A0C91BC942}") = "QtsqlT", "..\QtsqlT\QtsqlT.vcxproj", "{348E36A0-D4A7-4369-AA40-6A97F3F650BB}"
EndProject
Project("{8BC9CEB8-8B4A-11D0-8D11-00A0C91BC942}") = "mines", "..\third_project\mines.vcxproj", "{23F4F476-2A66-3D43-9CC3-C8F757EA9B87}"
EndProject
Project("{8BC9CEB8-8B4A-11D0-8D11-00A0C91BC942}") = "Test", "..\Test\Test.vcxproj", "{7ECF7F23-1FA8-4DC3-B338-DB3B9C3AF7F0}"
EndProject
Global
	GlobalSection(SolutionConfigurationPlatforms) = preSolution
		Debug|x86 = Debug|x86
		Release|x86 = Release|x86
	EndGlobalSection
	GlobalSection(ProjectConfigurationPlatforms) = postSolution
		{58D4959B-D02F-327A-BFED-ED1E8D3F80C4}.Debug|x86.ActiveCfg = Debug|Win32
		{58D4959B-D02F-327A-BFED-ED1E8D3F80C4}.Debug|x86.Build.0 = Debug|Win32
		{58D4959B-D02F-327A-BFED-ED1E8D3F80C4}.Release|x86.ActiveCfg = Release|Win32
		{58D4959B-D02F-327A-BFED-ED1E8D3F80C4}.Release|x86.Build.0 = Release|Win32
		{6349FECF-A040-439B-8639-F002A6ED0AAC}.Debug|x86.ActiveCfg = Debug|Win32
		{6349FECF-A040-439B-8639-F002A6ED0AAC}.Debug|x86.Build.0 = Debug|Win32
		{6349FECF-A040-439B-8639-F002A6ED0AAC}.Release|x86.ActiveCfg = Release|Win32
		{6349FECF-A040-439B-8639-F002A6ED0AAC}.Release|x86.Build.0 = Release|Win32
		{348E36A0-D4A7-4369-AA40-6A97F3F650BB}.Debug|x86.ActiveCfg = Debug|Win32
		{348E36A0-D4A7-4369-AA40-6A97F3F650BB}.Debug|x86.Build.0 = Debug|Win32
		{348E36A0-D4A7-4369-AA40-6A97F3F650BB}.Release|x86.ActiveCfg = Release|Win32
		{348E36A0-D4A7-4369-AA40-6A97F3F650BB}.Release|x86.Build.0 = Release|Win32
		{23F4F476-2A66-3D43-9CC3-C8F757EA9B87}.Debug|x86.ActiveCfg = Debug|Win32
		{23F4F476-2A66-3D43-9CC3-C8F757EA9B87}.Debug|x86.Build.0 = Debug|Win32
		{23F4F476-2A66-3D43-9CC3-C8F757EA9B87}.Release|x86.ActiveCfg = Release|Win32
		{23F4F476-2A66-3D43-9CC3-C8F757EA9B87}.Release|x86.Build.0 = Release|Win32
		{7ECF7F23-1FA8-4DC3-B338-DB3B9C3AF7F0}.Debug|x86.ActiveCfg = Debug|Win32
		{7ECF7F23-1FA8-4DC3-B338-DB3B9C3AF7F0}.Debug|x86.Build.0 = Debug|Win32
		{7ECF7F23-1FA8-4DC3-B338-DB3B9C3AF7F0}.Release|x86.ActiveCfg = Release|Win32
		{7ECF7F23-1FA8-4DC3-B338-DB3B9C3AF7F0}.Release|x86.Build.0 = Release|Win32
	EndGlobalSection
	GlobalSection(SolutionProperties) = preSolution
		HideSolutionNode = FALSE
	EndGlobalSection
	GlobalSection(ExtensibilityGlobals) = postSolution
		SolutionGuid = {D5299AF9-9B15-4F81-BA12-25AF22DF4587}
	EndGlobalSection
EndGlobal
